
Microsoft Visual Studio Solution File, Format Version 12.00
# Visual Studio Version 17
VisualStudioVersion = 17.0.31903.59
MinimumVisualStudioVersion = 10.0.40219.1
Project("{FAE04EC0-301F-11D3-BF4B-00C04F79EFBC}") = "Firebase Learn C-Sharp", "Firebase Learn C-Sharp\Firebase Learn C-Sharp.csproj", "{BB0DA199-09CB-40B8-88EB-BCAB068F1780}"
EndProject
Global
	GlobalSection(SolutionConfigurationPlatforms) = preSolution
		Debug|Any CPU = Debug|Any CPU
		Release|Any CPU = Release|Any CPU
	EndGlobalSection
	GlobalSection(ProjectConfigurationPlatforms) = postSolution
		{BB0DA199-09CB-40B8-88EB-BCAB068F1780}.Debug|Any CPU.ActiveCfg = Debug|Any CPU
		{BB0DA199-09CB-40B8-88EB-BCAB068F1780}.Debug|Any CPU.Build.0 = Debug|Any CPU
		{BB0DA199-09CB-40B8-88EB-BCAB068F1780}.Release|Any CPU.ActiveCfg = Release|Any CPU
		{BB0DA199-09CB-40B8-88EB-BCAB068F1780}.Release|Any CPU.Build.0 = Release|Any CPU
	EndGlobalSection
	GlobalSection(SolutionProperties) = preSolution
		HideSolutionNode = FALSE
	EndGlobalSection
	GlobalSection(ExtensibilityGlobals) = postSolution
		SolutionGuid = {B7484A48-D501-43B8-811E-9F2F1F06B80D}
	EndGlobalSection
EndGlobal
